
Microsoft Visual Studio Solution File, Format Version 11.00
# Visual Studio 2010
Project("{FAE04EC0-301F-11D3-BF4B-00C04F79EFBC}") = "Unity.Timeline", "Unity.Timeline.csproj", "{4da61f4f-88bd-e24d-89f9-6114a93c3120}"
EndProject
Project("{FAE04EC0-301F-11D3-BF4B-00C04F79EFBC}") = "Unity.Timeline.Editor", "Unity.Timeline.Editor.csproj", "{e2fd42c5-57b3-1e56-44bd-71e758c169ec}"
EndProject
Project("{FAE04EC0-301F-11D3-BF4B-00C04F79EFBC}") = "Unity.TextMeshPro.Editor", "Unity.TextMeshPro.Editor.csproj", "{61c566f8-025d-545d-ba1f-529e56427b37}"
EndProject
Project("{FAE04EC0-301F-11D3-BF4B-00C04F79EFBC}") = "Unity.VisualScripting.Flow", "Unity.VisualScripting.Flow.csproj", "{eb4b71ba-37a0-6b19-a39f-e9978de3664f}"
EndProject
Project("{FAE04EC0-301F-11D3-BF4B-00C04F79EFBC}") = "UnityEditor.UI", "UnityEditor.UI.csproj", "{d58177e0-22d3-c582-0a05-9979e16e083b}"
EndProject
Project("{FAE04EC0-301F-11D3-BF4B-00C04F79EFBC}") = "Unity.PlasticSCM.Editor", "Unity.PlasticSCM.Editor.csproj", "{0b80f5ff-9b2b-f5e1-44a6-0660eb8cf580}"
EndProject
Project("{FAE04EC0-301F-11D3-BF4B-00C04F79EFBC}") = "Unity.VisualScripting.Core", "Unity.VisualScripting.Core.csproj", "{8ec8f94b-3992-6ef4-5e31-9a86fa9381bd}"
EndProject
Project("{FAE04EC0-301F-11D3-BF4B-00C04F79EFBC}") = "Unity.VisualScripting.Core.Editor", "Unity.VisualScripting.Core.Editor.csproj", "{ca063414-68f1-7518-94d3-e96e984d00e7}"
EndProject
Project("{FAE04EC0-301F-11D3-BF4B-00C04F79EFBC}") = "Unity.VisualScripting.Flow.Editor", "Unity.VisualScripting.Flow.Editor.csproj", "{8c1c6692-d083-3ef0-90ad-af86faa904ea}"
EndProject
Project("{FAE04EC0-301F-11D3-BF4B-00C04F79EFBC}") = "UnityEditor.TestRunner", "UnityEditor.TestRunner.csproj", "{5054acb4-5352-b9ca-e6ed-c7310e6f607f}"
EndProject
Project("{FAE04EC0-301F-11D3-BF4B-00C04F79EFBC}") = "Unity.VisualScripting.SettingsProvider.Editor", "Unity.VisualScripting.SettingsProvider.Editor.csproj", "{b9ebd5e1-6745-e51f-70b1-1ed65273d0ba}"
EndProject
Project("{FAE04EC0-301F-11D3-BF4B-00C04F79EFBC}") = "UnityEngine.TestRunner", "UnityEngine.TestRunner.csproj", "{c8ccc72f-65f6-8a84-b2e7-ffa0f449fd8d}"
EndProject
Project("{FAE04EC0-301F-11D3-BF4B-00C04F79EFBC}") = "UnityEngine.UI", "UnityEngine.UI.csproj", "{565fd8be-83f5-7ec2-0efc-ed7e6b7bad67}"
EndProject
Project("{FAE04EC0-301F-11D3-BF4B-00C04F79EFBC}") = "Unity.VisualStudio.Editor", "Unity.VisualStudio.Editor.csproj", "{f03d5ada-8c77-044f-a842-e55956e499c1}"
EndProject
Project("{FAE04EC0-301F-11D3-BF4B-00C04F79EFBC}") = "Unity.TestTools.CodeCoverage.Editor.OpenCover.Model", "Unity.TestTools.CodeCoverage.Editor.OpenCover.Model.csproj", "{c7f6e8a6-205f-0857-d0e4-7a01ea8b1007}"
EndProject
Project("{FAE04EC0-301F-11D3-BF4B-00C04F79EFBC}") = "Unity.Rider.Editor", "Unity.Rider.Editor.csproj", "{8c1bea73-a795-ed4c-0623-b0d435865ab4}"
EndProject
Project("{FAE04EC0-301F-11D3-BF4B-00C04F79EFBC}") = "Unity.VisualScripting.State.Editor", "Unity.VisualScripting.State.Editor.csproj", "{7513ae46-107e-34f2-ab6e-3b30bfec8543}"
EndProject
Project("{FAE04EC0-301F-11D3-BF4B-00C04F79EFBC}") = "Unity.TestTools.CodeCoverage.Editor", "Unity.TestTools.CodeCoverage.Editor.csproj", "{e4b94eb4-79cc-c54a-16ca-855f11ced279}"
EndProject
Project("{FAE04EC0-301F-11D3-BF4B-00C04F79EFBC}") = "Unity.VisualScripting.State", "Unity.VisualScripting.State.csproj", "{09e13e17-81a0-0b3a-6c6e-34d780bdd91e}"
EndProject
Project("{FAE04EC0-301F-11D3-BF4B-00C04F79EFBC}") = "Unity.TextMeshPro", "Unity.TextMeshPro.csproj", "{3aa1aab1-d259-4418-dc25-940a22908a64}"
EndProject
Project("{FAE04EC0-301F-11D3-BF4B-00C04F79EFBC}") = "Unity.Performance.Profile-Analyzer.Editor", "Unity.Performance.Profile-Analyzer.Editor.csproj", "{c5f1092a-a017-338f-4b8e-b1cc53687d3f}"
EndProject
Project("{FAE04EC0-301F-11D3-BF4B-00C04F79EFBC}") = "Unity.VSCode.Editor", "Unity.VSCode.Editor.csproj", "{0ab1b3f5-c88d-b575-fe03-cd2c68d5b16e}"
EndProject
Project("{FAE04EC0-301F-11D3-BF4B-00C04F79EFBC}") = "Unity.TestTools.CodeCoverage.Editor.OpenCover.Mono.Reflection", "Unity.TestTools.CodeCoverage.Editor.OpenCover.Mono.Reflection.csproj", "{c057764f-dead-5406-60cb-0c7fdb9c854b}"
EndProject
Project("{FAE04EC0-301F-11D3-BF4B-00C04F79EFBC}") = "Unity.Settings.Editor", "Unity.Settings.Editor.csproj", "{7cd74dca-7bd4-3aaf-7170-3129b3690751}"
EndProject
Project("{FAE04EC0-301F-11D3-BF4B-00C04F79EFBC}") = "Unity.EditorCoroutines.Editor", "Unity.EditorCoroutines.Editor.csproj", "{1250aaca-62b9-669a-2179-ae03b41b0871}"
EndProject
Project("{FAE04EC0-301F-11D3-BF4B-00C04F79EFBC}") = "Unity.VisualScripting.Shared.Editor", "Unity.VisualScripting.Shared.Editor.csproj", "{baf997a2-132e-ebff-937d-052274fdbccd}"
EndProject
Project("{FAE04EC0-301F-11D3-BF4B-00C04F79EFBC}") = "Unity.CollabProxy.Editor", "Unity.CollabProxy.Editor.csproj", "{f962fb9f-5201-ff13-bfa1-b37b4c4a6034}"
EndProject
Global
	GlobalSection(SolutionConfigurationPlatforms) = preSolution
		Debug|Any CPU = Debug|Any CPU
	EndGlobalSection
	GlobalSection(ProjectConfigurationPlatforms) = postSolution
		{4da61f4f-88bd-e24d-89f9-6114a93c3120}.Debug|Any CPU.ActiveCfg = Debug|Any CPU
		{4da61f4f-88bd-e24d-89f9-6114a93c3120}.Debug|Any CPU.Build.0 = Debug|Any CPU
		{e2fd42c5-57b3-1e56-44bd-71e758c169ec}.Debug|Any CPU.ActiveCfg = Debug|Any CPU
		{e2fd42c5-57b3-1e56-44bd-71e758c169ec}.Debug|Any CPU.Build.0 = Debug|Any CPU
		{61c566f8-025d-545d-ba1f-529e56427b37}.Debug|Any CPU.ActiveCfg = Debug|Any CPU
		{61c566f8-025d-545d-ba1f-529e56427b37}.Debug|Any CPU.Build.0 = Debug|Any CPU
		{eb4b71ba-37a0-6b19-a39f-e9978de3664f}.Debug|Any CPU.ActiveCfg = Debug|Any CPU
		{eb4b71ba-37a0-6b19-a39f-e9978de3664f}.Debug|Any CPU.Build.0 = Debug|Any CPU
		{d58177e0-22d3-c582-0a05-9979e16e083b}.Debug|Any CPU.ActiveCfg = Debug|Any CPU
		{d58177e0-22d3-c582-0a05-9979e16e083b}.Debug|Any CPU.Build.0 = Debug|Any CPU
		{0b80f5ff-9b2b-f5e1-44a6-0660eb8cf580}.Debug|Any CPU.ActiveCfg = Debug|Any CPU
		{0b80f5ff-9b2b-f5e1-44a6-0660eb8cf580}.Debug|Any CPU.Build.0 = Debug|Any CPU
		{8ec8f94b-3992-6ef4-5e31-9a86fa9381bd}.Debug|Any CPU.ActiveCfg = Debug|Any CPU
		{8ec8f94b-3992-6ef4-5e31-9a86fa9381bd}.Debug|Any CPU.Build.0 = Debug|Any CPU
		{ca063414-68f1-7518-94d3-e96e984d00e7}.Debug|Any CPU.ActiveCfg = Debug|Any CPU
		{ca063414-68f1-7518-94d3-e96e984d00e7}.Debug|Any CPU.Build.0 = Debug|Any CPU
		{8c1c6692-d083-3ef0-90ad-af86faa904ea}.Debug|Any CPU.ActiveCfg = Debug|Any CPU
		{8c1c6692-d083-3ef0-90ad-af86faa904ea}.Debug|Any CPU.Build.0 = Debug|Any CPU
		{5054acb4-5352-b9ca-e6ed-c7310e6f607f}.Debug|Any CPU.ActiveCfg = Debug|Any CPU
		{5054acb4-5352-b9ca-e6ed-c7310e6f607f}.Debug|Any CPU.Build.0 = Debug|Any CPU
		{b9ebd5e1-6745-e51f-70b1-1ed65273d0ba}.Debug|Any CPU.ActiveCfg = Debug|Any CPU
		{b9ebd5e1-6745-e51f-70b1-1ed65273d0ba}.Debug|Any CPU.Build.0 = Debug|Any CPU
		{c8ccc72f-65f6-8a84-b2e7-ffa0f449fd8d}.Debug|Any CPU.ActiveCfg = Debug|Any CPU
		{c8ccc72f-65f6-8a84-b2e7-ffa0f449fd8d}.Debug|Any CPU.Build.0 = Debug|Any CPU
		{565fd8be-83f5-7ec2-0efc-ed7e6b7bad67}.Debug|Any CPU.ActiveCfg = Debug|Any CPU
		{565fd8be-83f5-7ec2-0efc-ed7e6b7bad67}.Debug|Any CPU.Build.0 = Debug|Any CPU
		{f03d5ada-8c77-044f-a842-e55956e499c1}.Debug|Any CPU.ActiveCfg = Debug|Any CPU
		{f03d5ada-8c77-044f-a842-e55956e499c1}.Debug|Any CPU.Build.0 = Debug|Any CPU
		{c7f6e8a6-205f-0857-d0e4-7a01ea8b1007}.Debug|Any CPU.ActiveCfg = Debug|Any CPU
		{c7f6e8a6-205f-0857-d0e4-7a01ea8b1007}.Debug|Any CPU.Build.0 = Debug|Any CPU
		{8c1bea73-a795-ed4c-0623-b0d435865ab4}.Debug|Any CPU.ActiveCfg = Debug|Any CPU
		{8c1bea73-a795-ed4c-0623-b0d435865ab4}.Debug|Any CPU.Build.0 = Debug|Any CPU
		{7513ae46-107e-34f2-ab6e-3b30bfec8543}.Debug|Any CPU.ActiveCfg = Debug|Any CPU
		{7513ae46-107e-34f2-ab6e-3b30bfec8543}.Debug|Any CPU.Build.0 = Debug|Any CPU
		{e4b94eb4-79cc-c54a-16ca-855f11ced279}.Debug|Any CPU.ActiveCfg = Debug|Any CPU
		{e4b94eb4-79cc-c54a-16ca-855f11ced279}.Debug|Any CPU.Build.0 = Debug|Any CPU
		{09e13e17-81a0-0b3a-6c6e-34d780bdd91e}.Debug|Any CPU.ActiveCfg = Debug|Any CPU
		{09e13e17-81a0-0b3a-6c6e-34d780bdd91e}.Debug|Any CPU.Build.0 = Debug|Any CPU
		{3aa1aab1-d259-4418-dc25-940a22908a64}.Debug|Any CPU.ActiveCfg = Debug|Any CPU
		{3aa1aab1-d259-4418-dc25-940a22908a64}.Debug|Any CPU.Build.0 = Debug|Any CPU
		{c5f1092a-a017-338f-4b8e-b1cc53687d3f}.Debug|Any CPU.ActiveCfg = Debug|Any CPU
		{c5f1092a-a017-338f-4b8e-b1cc53687d3f}.Debug|Any CPU.Build.0 = Debug|Any CPU
		{0ab1b3f5-c88d-b575-fe03-cd2c68d5b16e}.Debug|Any CPU.ActiveCfg = Debug|Any CPU
		{0ab1b3f5-c88d-b575-fe03-cd2c68d5b16e}.Debug|Any CPU.Build.0 = Debug|Any CPU
		{c057764f-dead-5406-60cb-0c7fdb9c854b}.Debug|Any CPU.ActiveCfg = Debug|Any CPU
		{c057764f-dead-5406-60cb-0c7fdb9c854b}.Debug|Any CPU.Build.0 = Debug|Any CPU
		{7cd74dca-7bd4-3aaf-7170-3129b3690751}.Debug|Any CPU.ActiveCfg = Debug|Any CPU
		{7cd74dca-7bd4-3aaf-7170-3129b3690751}.Debug|Any CPU.Build.0 = Debug|Any CPU
		{1250aaca-62b9-669a-2179-ae03b41b0871}.Debug|Any CPU.ActiveCfg = Debug|Any CPU
		{1250aaca-62b9-669a-2179-ae03b41b0871}.Debug|Any CPU.Build.0 = Debug|Any CPU
		{baf997a2-132e-ebff-937d-052274fdbccd}.Debug|Any CPU.ActiveCfg = Debug|Any CPU
		{baf997a2-132e-ebff-937d-052274fdbccd}.Debug|Any CPU.Build.0 = Debug|Any CPU
		{f962fb9f-5201-ff13-bfa1-b37b4c4a6034}.Debug|Any CPU.ActiveCfg = Debug|Any CPU
		{f962fb9f-5201-ff13-bfa1-b37b4c4a6034}.Debug|Any CPU.Build.0 = Debug|Any CPU
	EndGlobalSection
	GlobalSection(SolutionProperties) = preSolution
		HideSolutionNode = FALSE
	EndGlobalSection
EndGlobal
