
Microsoft Visual Studio Solution File, Format Version 12.00
# Visual Studio 15
Project("{FAE04EC0-301F-11D3-BF4B-00C04F79EFBC}") = "Unity.Timeline", "Unity.Timeline.csproj", "{4F1FA64D-BD88-4DE2-89F9-6114A93C3120}"
EndProject
Project("{FAE04EC0-301F-11D3-BF4B-00C04F79EFBC}") = "Unity.Timeline.Editor", "Unity.Timeline.Editor.csproj", "{C542FDE2-B357-561E-44BD-71E758C169EC}"
EndProject
Project("{FAE04EC0-301F-11D3-BF4B-00C04F79EFBC}") = "Unity.TextMeshPro.Editor", "Unity.TextMeshPro.Editor.csproj", "{F866C561-5D02-5D54-BA1F-529E56427B37}"
EndProject
Project("{FAE04EC0-301F-11D3-BF4B-00C04F79EFBC}") = "Unity.PlasticSCM.Editor", "Unity.PlasticSCM.Editor.csproj", "{FFF5800B-2B9B-E1F5-44A6-0660EB8CF580}"
EndProject
Project("{FAE04EC0-301F-11D3-BF4B-00C04F79EFBC}") = "Unity.VisualScripting.Flow", "Unity.VisualScripting.Flow.csproj", "{BA714BEB-A037-196B-A39F-E9978DE3664F}"
EndProject
Project("{FAE04EC0-301F-11D3-BF4B-00C04F79EFBC}") = "UnityEditor.UI", "UnityEditor.UI.csproj", "{E07781D5-D322-82C5-0A05-9979E16E083B}"
EndProject
Project("{FAE04EC0-301F-11D3-BF4B-00C04F79EFBC}") = "Unity.VisualScripting.Core", "Unity.VisualScripting.Core.csproj", "{4BF9C88E-9239-F46E-5E31-9A86FA9381BD}"
EndProject
Project("{FAE04EC0-301F-11D3-BF4B-00C04F79EFBC}") = "Unity.VisualScripting.Core.Editor", "Unity.VisualScripting.Core.Editor.csproj", "{143406CA-F168-1875-94D3-E96E984D00E7}"
EndProject
Project("{FAE04EC0-301F-11D3-BF4B-00C04F79EFBC}") = "Unity.VisualScripting.Flow.Editor", "Unity.VisualScripting.Flow.Editor.csproj", "{92661C8C-83D0-F03E-90AD-AF86FAA904EA}"
EndProject
Project("{FAE04EC0-301F-11D3-BF4B-00C04F79EFBC}") = "UnityEditor.TestRunner", "UnityEditor.TestRunner.csproj", "{B4AC5450-5253-CAB9-E6ED-C7310E6F607F}"
EndProject
Project("{FAE04EC0-301F-11D3-BF4B-00C04F79EFBC}") = "Unity.VisualScripting.SettingsProvider.Editor", "Unity.VisualScripting.SettingsProvider.Editor.csproj", "{E1D5EBB9-4567-1FE5-70B1-1ED65273D0BA}"
EndProject
Project("{FAE04EC0-301F-11D3-BF4B-00C04F79EFBC}") = "UnityEngine.TestRunner", "UnityEngine.TestRunner.csproj", "{2FC7CCC8-F665-848A-B2E7-FFA0F449FD8D}"
EndProject
Project("{FAE04EC0-301F-11D3-BF4B-00C04F79EFBC}") = "UnityEngine.UI", "UnityEngine.UI.csproj", "{BED85F56-F583-C27E-0EFC-ED7E6B7BAD67}"
EndProject
Project("{FAE04EC0-301F-11D3-BF4B-00C04F79EFBC}") = "Unity.VisualStudio.Editor", "Unity.VisualStudio.Editor.csproj", "{DA5A3DF0-778C-4F04-A842-E55956E499C1}"
EndProject
Project("{FAE04EC0-301F-11D3-BF4B-00C04F79EFBC}") = "Unity.TestTools.CodeCoverage.Editor.OpenCover.Model", "Unity.TestTools.CodeCoverage.Editor.OpenCover.Model.csproj", "{A6E8F6C7-5F20-5708-D0E4-7A01EA8B1007}"
EndProject
Project("{FAE04EC0-301F-11D3-BF4B-00C04F79EFBC}") = "Unity.Rider.Editor", "Unity.Rider.Editor.csproj", "{73EA1B8C-95A7-4CED-0623-B0D435865AB4}"
EndProject
Project("{FAE04EC0-301F-11D3-BF4B-00C04F79EFBC}") = "Unity.CollabProxy.Editor", "Unity.CollabProxy.Editor.csproj", "{9FFB62F9-0152-13FF-BFA1-B37B4C4A6034}"
EndProject
Project("{FAE04EC0-301F-11D3-BF4B-00C04F79EFBC}") = "Unity.VisualScripting.State.Editor", "Unity.VisualScripting.State.Editor.csproj", "{46AE1375-7E10-F234-AB6E-3B30BFEC8543}"
EndProject
Project("{FAE04EC0-301F-11D3-BF4B-00C04F79EFBC}") = "Unity.TestTools.CodeCoverage.Editor", "Unity.TestTools.CodeCoverage.Editor.csproj", "{B44EB9E4-CC79-4AC5-16CA-855F11CED279}"
EndProject
Project("{FAE04EC0-301F-11D3-BF4B-00C04F79EFBC}") = "Unity.VisualScripting.State", "Unity.VisualScripting.State.csproj", "{173EE109-A081-3A0B-6C6E-34D780BDD91E}"
EndProject
Project("{FAE04EC0-301F-11D3-BF4B-00C04F79EFBC}") = "Unity.TextMeshPro", "Unity.TextMeshPro.csproj", "{B1AAA13A-59D2-1844-DC25-940A22908A64}"
EndProject
Project("{FAE04EC0-301F-11D3-BF4B-00C04F79EFBC}") = "Unity.Performance.Profile-Analyzer.Editor", "Unity.Performance.Profile-Analyzer.Editor.csproj", "{2A09F1C5-17A0-8F33-4B8E-B1CC53687D3F}"
EndProject
Project("{FAE04EC0-301F-11D3-BF4B-00C04F79EFBC}") = "Unity.VSCode.Editor", "Unity.VSCode.Editor.csproj", "{F5B3B10A-8DC8-75B5-FE03-CD2C68D5B16E}"
EndProject
Project("{FAE04EC0-301F-11D3-BF4B-00C04F79EFBC}") = "Unity.TestTools.CodeCoverage.Editor.OpenCover.Mono.Reflection", "Unity.TestTools.CodeCoverage.Editor.OpenCover.Mono.Reflection.csproj", "{4F7657C0-ADDE-0654-60CB-0C7FDB9C854B}"
EndProject
Project("{FAE04EC0-301F-11D3-BF4B-00C04F79EFBC}") = "Unity.Settings.Editor", "Unity.Settings.Editor.csproj", "{CA4DD77C-D47B-AF3A-7170-3129B3690751}"
EndProject
Project("{FAE04EC0-301F-11D3-BF4B-00C04F79EFBC}") = "Unity.EditorCoroutines.Editor", "Unity.EditorCoroutines.Editor.csproj", "{CAAA5012-B962-9A66-2179-AE03B41B0871}"
EndProject
Project("{FAE04EC0-301F-11D3-BF4B-00C04F79EFBC}") = "Assembly-CSharp", "Assembly-CSharp.csproj", "{82214B7D-ED93-A4BE-374B-936303E16B65}"
EndProject
Project("{FAE04EC0-301F-11D3-BF4B-00C04F79EFBC}") = "Unity.VisualScripting.Shared.Editor", "Unity.VisualScripting.Shared.Editor.csproj", "{A297F9BA-2E13-FFEB-937D-052274FDBCCD}"
EndProject
Project("{FAE04EC0-301F-11D3-BF4B-00C04F79EFBC}") = "Unity.Timeline", "Unity.Timeline.Player.csproj", "{48293831-D56A-436F-1C6D-D24129E212A7}"
EndProject
Project("{FAE04EC0-301F-11D3-BF4B-00C04F79EFBC}") = "Unity.VisualScripting.Flow", "Unity.VisualScripting.Flow.Player.csproj", "{CAD7F3B0-2383-EC57-AB09-3D914FC40E56}"
EndProject
Project("{FAE04EC0-301F-11D3-BF4B-00C04F79EFBC}") = "Unity.VisualScripting.Core", "Unity.VisualScripting.Core.Player.csproj", "{400B68C6-D624-5EB4-8368-59A773C231D1}"
EndProject
Project("{FAE04EC0-301F-11D3-BF4B-00C04F79EFBC}") = "UnityEngine.TestRunner", "UnityEngine.TestRunner.Player.csproj", "{83CAFFC4-BB07-4A1D-4DAE-4A3AE98310A7}"
EndProject
Project("{FAE04EC0-301F-11D3-BF4B-00C04F79EFBC}") = "UnityEngine.UI", "UnityEngine.UI.Player.csproj", "{B71F4D6A-CD40-E0EA-AFE7-ED7B1461C2BA}"
EndProject
Project("{FAE04EC0-301F-11D3-BF4B-00C04F79EFBC}") = "Unity.VisualScripting.State", "Unity.VisualScripting.State.Player.csproj", "{EFA53828-8305-A7FE-6C6E-815A26F3B48A}"
EndProject
Project("{FAE04EC0-301F-11D3-BF4B-00C04F79EFBC}") = "Unity.TextMeshPro", "Unity.TextMeshPro.Player.csproj", "{DF037F6B-A5FF-ED38-CF42-33F009CCCA02}"
EndProject
Project("{FAE04EC0-301F-11D3-BF4B-00C04F79EFBC}") = "Assembly-CSharp", "Assembly-CSharp.Player.csproj", "{49F0160C-EB3F-FC48-1619-D6D9BDEE11C7}"
EndProject
Global
	GlobalSection(SolutionConfigurationPlatforms) = preSolution
		Debug|Any CPU = Debug|Any CPU
		Release|Any CPU = Release|Any CPU
	EndGlobalSection
	GlobalSection(ProjectConfigurationPlatforms) = postSolution
		{4F1FA64D-BD88-4DE2-89F9-6114A93C3120}.Debug|Any CPU.ActiveCfg = Debug|Any CPU
		{4F1FA64D-BD88-4DE2-89F9-6114A93C3120}.Debug|Any CPU.Build.0 = Debug|Any CPU
		{4F1FA64D-BD88-4DE2-89F9-6114A93C3120}.Release|Any CPU.ActiveCfg = Release|Any CPU
		{4F1FA64D-BD88-4DE2-89F9-6114A93C3120}.Release|Any CPU.Build.0 = Release|Any CPU
		{C542FDE2-B357-561E-44BD-71E758C169EC}.Debug|Any CPU.ActiveCfg = Debug|Any CPU
		{C542FDE2-B357-561E-44BD-71E758C169EC}.Debug|Any CPU.Build.0 = Debug|Any CPU
		{C542FDE2-B357-561E-44BD-71E758C169EC}.Release|Any CPU.ActiveCfg = Release|Any CPU
		{C542FDE2-B357-561E-44BD-71E758C169EC}.Release|Any CPU.Build.0 = Release|Any CPU
		{F866C561-5D02-5D54-BA1F-529E56427B37}.Debug|Any CPU.ActiveCfg = Debug|Any CPU
		{F866C561-5D02-5D54-BA1F-529E56427B37}.Debug|Any CPU.Build.0 = Debug|Any CPU
		{F866C561-5D02-5D54-BA1F-529E56427B37}.Release|Any CPU.ActiveCfg = Release|Any CPU
		{F866C561-5D02-5D54-BA1F-529E56427B37}.Release|Any CPU.Build.0 = Release|Any CPU
		{FFF5800B-2B9B-E1F5-44A6-0660EB8CF580}.Debug|Any CPU.ActiveCfg = Debug|Any CPU
		{FFF5800B-2B9B-E1F5-44A6-0660EB8CF580}.Debug|Any CPU.Build.0 = Debug|Any CPU
		{FFF5800B-2B9B-E1F5-44A6-0660EB8CF580}.Release|Any CPU.ActiveCfg = Release|Any CPU
		{FFF5800B-2B9B-E1F5-44A6-0660EB8CF580}.Release|Any CPU.Build.0 = Release|Any CPU
		{BA714BEB-A037-196B-A39F-E9978DE3664F}.Debug|Any CPU.ActiveCfg = Debug|Any CPU
		{BA714BEB-A037-196B-A39F-E9978DE3664F}.Debug|Any CPU.Build.0 = Debug|Any CPU
		{BA714BEB-A037-196B-A39F-E9978DE3664F}.Release|Any CPU.ActiveCfg = Release|Any CPU
		{BA714BEB-A037-196B-A39F-E9978DE3664F}.Release|Any CPU.Build.0 = Release|Any CPU
		{E07781D5-D322-82C5-0A05-9979E16E083B}.Debug|Any CPU.ActiveCfg = Debug|Any CPU
		{E07781D5-D322-82C5-0A05-9979E16E083B}.Debug|Any CPU.Build.0 = Debug|Any CPU
		{E07781D5-D322-82C5-0A05-9979E16E083B}.Release|Any CPU.ActiveCfg = Release|Any CPU
		{E07781D5-D322-82C5-0A05-9979E16E083B}.Release|Any CPU.Build.0 = Release|Any CPU
		{4BF9C88E-9239-F46E-5E31-9A86FA9381BD}.Debug|Any CPU.ActiveCfg = Debug|Any CPU
		{4BF9C88E-9239-F46E-5E31-9A86FA9381BD}.Debug|Any CPU.Build.0 = Debug|Any CPU
		{4BF9C88E-9239-F46E-5E31-9A86FA9381BD}.Release|Any CPU.ActiveCfg = Release|Any CPU
		{4BF9C88E-9239-F46E-5E31-9A86FA9381BD}.Release|Any CPU.Build.0 = Release|Any CPU
		{143406CA-F168-1875-94D3-E96E984D00E7}.Debug|Any CPU.ActiveCfg = Debug|Any CPU
		{143406CA-F168-1875-94D3-E96E984D00E7}.Debug|Any CPU.Build.0 = Debug|Any CPU
		{143406CA-F168-1875-94D3-E96E984D00E7}.Release|Any CPU.ActiveCfg = Release|Any CPU
		{143406CA-F168-1875-94D3-E96E984D00E7}.Release|Any CPU.Build.0 = Release|Any CPU
		{92661C8C-83D0-F03E-90AD-AF86FAA904EA}.Debug|Any CPU.ActiveCfg = Debug|Any CPU
		{92661C8C-83D0-F03E-90AD-AF86FAA904EA}.Debug|Any CPU.Build.0 = Debug|Any CPU
		{92661C8C-83D0-F03E-90AD-AF86FAA904EA}.Release|Any CPU.ActiveCfg = Release|Any CPU
		{92661C8C-83D0-F03E-90AD-AF86FAA904EA}.Release|Any CPU.Build.0 = Release|Any CPU
		{B4AC5450-5253-CAB9-E6ED-C7310E6F607F}.Debug|Any CPU.ActiveCfg = Debug|Any CPU
		{B4AC5450-5253-CAB9-E6ED-C7310E6F607F}.Debug|Any CPU.Build.0 = Debug|Any CPU
		{B4AC5450-5253-CAB9-E6ED-C7310E6F607F}.Release|Any CPU.ActiveCfg = Release|Any CPU
		{B4AC5450-5253-CAB9-E6ED-C7310E6F607F}.Release|Any CPU.Build.0 = Release|Any CPU
		{E1D5EBB9-4567-1FE5-70B1-1ED65273D0BA}.Debug|Any CPU.ActiveCfg = Debug|Any CPU
		{E1D5EBB9-4567-1FE5-70B1-1ED65273D0BA}.Debug|Any CPU.Build.0 = Debug|Any CPU
		{E1D5EBB9-4567-1FE5-70B1-1ED65273D0BA}.Release|Any CPU.ActiveCfg = Release|Any CPU
		{E1D5EBB9-4567-1FE5-70B1-1ED65273D0BA}.Release|Any CPU.Build.0 = Release|Any CPU
		{2FC7CCC8-F665-848A-B2E7-FFA0F449FD8D}.Debug|Any CPU.ActiveCfg = Debug|Any CPU
		{2FC7CCC8-F665-848A-B2E7-FFA0F449FD8D}.Debug|Any CPU.Build.0 = Debug|Any CPU
		{2FC7CCC8-F665-848A-B2E7-FFA0F449FD8D}.Release|Any CPU.ActiveCfg = Release|Any CPU
		{2FC7CCC8-F665-848A-B2E7-FFA0F449FD8D}.Release|Any CPU.Build.0 = Release|Any CPU
		{BED85F56-F583-C27E-0EFC-ED7E6B7BAD67}.Debug|Any CPU.ActiveCfg = Debug|Any CPU
		{BED85F56-F583-C27E-0EFC-ED7E6B7BAD67}.Debug|Any CPU.Build.0 = Debug|Any CPU
		{BED85F56-F583-C27E-0EFC-ED7E6B7BAD67}.Release|Any CPU.ActiveCfg = Release|Any CPU
		{BED85F56-F583-C27E-0EFC-ED7E6B7BAD67}.Release|Any CPU.Build.0 = Release|Any CPU
		{DA5A3DF0-778C-4F04-A842-E55956E499C1}.Debug|Any CPU.ActiveCfg = Debug|Any CPU
		{DA5A3DF0-778C-4F04-A842-E55956E499C1}.Debug|Any CPU.Build.0 = Debug|Any CPU
		{DA5A3DF0-778C-4F04-A842-E55956E499C1}.Release|Any CPU.ActiveCfg = Release|Any CPU
		{DA5A3DF0-778C-4F04-A842-E55956E499C1}.Release|Any CPU.Build.0 = Release|Any CPU
		{A6E8F6C7-5F20-5708-D0E4-7A01EA8B1007}.Debug|Any CPU.ActiveCfg = Debug|Any CPU
		{A6E8F6C7-5F20-5708-D0E4-7A01EA8B1007}.Debug|Any CPU.Build.0 = Debug|Any CPU
		{A6E8F6C7-5F20-5708-D0E4-7A01EA8B1007}.Release|Any CPU.ActiveCfg = Release|Any CPU
		{A6E8F6C7-5F20-5708-D0E4-7A01EA8B1007}.Release|Any CPU.Build.0 = Release|Any CPU
		{73EA1B8C-95A7-4CED-0623-B0D435865AB4}.Debug|Any CPU.ActiveCfg = Debug|Any CPU
		{73EA1B8C-95A7-4CED-0623-B0D435865AB4}.Debug|Any CPU.Build.0 = Debug|Any CPU
		{73EA1B8C-95A7-4CED-0623-B0D435865AB4}.Release|Any CPU.ActiveCfg = Release|Any CPU
		{73EA1B8C-95A7-4CED-0623-B0D435865AB4}.Release|Any CPU.Build.0 = Release|Any CPU
		{9FFB62F9-0152-13FF-BFA1-B37B4C4A6034}.Debug|Any CPU.ActiveCfg = Debug|Any CPU
		{9FFB62F9-0152-13FF-BFA1-B37B4C4A6034}.Debug|Any CPU.Build.0 = Debug|Any CPU
		{9FFB62F9-0152-13FF-BFA1-B37B4C4A6034}.Release|Any CPU.ActiveCfg = Release|Any CPU
		{9FFB62F9-0152-13FF-BFA1-B37B4C4A6034}.Release|Any CPU.Build.0 = Release|Any CPU
		{46AE1375-7E10-F234-AB6E-3B30BFEC8543}.Debug|Any CPU.ActiveCfg = Debug|Any CPU
		{46AE1375-7E10-F234-AB6E-3B30BFEC8543}.Debug|Any CPU.Build.0 = Debug|Any CPU
		{46AE1375-7E10-F234-AB6E-3B30BFEC8543}.Release|Any CPU.ActiveCfg = Release|Any CPU
		{46AE1375-7E10-F234-AB6E-3B30BFEC8543}.Release|Any CPU.Build.0 = Release|Any CPU
		{B44EB9E4-CC79-4AC5-16CA-855F11CED279}.Debug|Any CPU.ActiveCfg = Debug|Any CPU
		{B44EB9E4-CC79-4AC5-16CA-855F11CED279}.Debug|Any CPU.Build.0 = Debug|Any CPU
		{B44EB9E4-CC79-4AC5-16CA-855F11CED279}.Release|Any CPU.ActiveCfg = Release|Any CPU
		{B44EB9E4-CC79-4AC5-16CA-855F11CED279}.Release|Any CPU.Build.0 = Release|Any CPU
		{173EE109-A081-3A0B-6C6E-34D780BDD91E}.Debug|Any CPU.ActiveCfg = Debug|Any CPU
		{173EE109-A081-3A0B-6C6E-34D780BDD91E}.Debug|Any CPU.Build.0 = Debug|Any CPU
		{173EE109-A081-3A0B-6C6E-34D780BDD91E}.Release|Any CPU.ActiveCfg = Release|Any CPU
		{173EE109-A081-3A0B-6C6E-34D780BDD91E}.Release|Any CPU.Build.0 = Release|Any CPU
		{B1AAA13A-59D2-1844-DC25-940A22908A64}.Debug|Any CPU.ActiveCfg = Debug|Any CPU
		{B1AAA13A-59D2-1844-DC25-940A22908A64}.Debug|Any CPU.Build.0 = Debug|Any CPU
		{B1AAA13A-59D2-1844-DC25-940A22908A64}.Release|Any CPU.ActiveCfg = Release|Any CPU
		{B1AAA13A-59D2-1844-DC25-940A22908A64}.Release|Any CPU.Build.0 = Release|Any CPU
		{2A09F1C5-17A0-8F33-4B8E-B1CC53687D3F}.Debug|Any CPU.ActiveCfg = Debug|Any CPU
		{2A09F1C5-17A0-8F33-4B8E-B1CC53687D3F}.Debug|Any CPU.Build.0 = Debug|Any CPU
		{2A09F1C5-17A0-8F33-4B8E-B1CC53687D3F}.Release|Any CPU.ActiveCfg = Release|Any CPU
		{2A09F1C5-17A0-8F33-4B8E-B1CC53687D3F}.Release|Any CPU.Build.0 = Release|Any CPU
		{F5B3B10A-8DC8-75B5-FE03-CD2C68D5B16E}.Debug|Any CPU.ActiveCfg = Debug|Any CPU
		{F5B3B10A-8DC8-75B5-FE03-CD2C68D5B16E}.Debug|Any CPU.Build.0 = Debug|Any CPU
		{F5B3B10A-8DC8-75B5-FE03-CD2C68D5B16E}.Release|Any CPU.ActiveCfg = Release|Any CPU
		{F5B3B10A-8DC8-75B5-FE03-CD2C68D5B16E}.Release|Any CPU.Build.0 = Release|Any CPU
		{4F7657C0-ADDE-0654-60CB-0C7FDB9C854B}.Debug|Any CPU.ActiveCfg = Debug|Any CPU
		{4F7657C0-ADDE-0654-60CB-0C7FDB9C854B}.Debug|Any CPU.Build.0 = Debug|Any CPU
		{4F7657C0-ADDE-0654-60CB-0C7FDB9C854B}.Release|Any CPU.ActiveCfg = Release|Any CPU
		{4F7657C0-ADDE-0654-60CB-0C7FDB9C854B}.Release|Any CPU.Build.0 = Release|Any CPU
		{CA4DD77C-D47B-AF3A-7170-3129B3690751}.Debug|Any CPU.ActiveCfg = Debug|Any CPU
		{CA4DD77C-D47B-AF3A-7170-3129B3690751}.Debug|Any CPU.Build.0 = Debug|Any CPU
		{CA4DD77C-D47B-AF3A-7170-3129B3690751}.Release|Any CPU.ActiveCfg = Release|Any CPU
		{CA4DD77C-D47B-AF3A-7170-3129B3690751}.Release|Any CPU.Build.0 = Release|Any CPU
		{CAAA5012-B962-9A66-2179-AE03B41B0871}.Debug|Any CPU.ActiveCfg = Debug|Any CPU
		{CAAA5012-B962-9A66-2179-AE03B41B0871}.Debug|Any CPU.Build.0 = Debug|Any CPU
		{CAAA5012-B962-9A66-2179-AE03B41B0871}.Release|Any CPU.ActiveCfg = Release|Any CPU
		{CAAA5012-B962-9A66-2179-AE03B41B0871}.Release|Any CPU.Build.0 = Release|Any CPU
		{82214B7D-ED93-A4BE-374B-936303E16B65}.Debug|Any CPU.ActiveCfg = Debug|Any CPU
		{82214B7D-ED93-A4BE-374B-936303E16B65}.Debug|Any CPU.Build.0 = Debug|Any CPU
		{82214B7D-ED93-A4BE-374B-936303E16B65}.Release|Any CPU.ActiveCfg = Release|Any CPU
		{82214B7D-ED93-A4BE-374B-936303E16B65}.Release|Any CPU.Build.0 = Release|Any CPU
		{A297F9BA-2E13-FFEB-937D-052274FDBCCD}.Debug|Any CPU.ActiveCfg = Debug|Any CPU
		{A297F9BA-2E13-FFEB-937D-052274FDBCCD}.Debug|Any CPU.Build.0 = Debug|Any CPU
		{A297F9BA-2E13-FFEB-937D-052274FDBCCD}.Release|Any CPU.ActiveCfg = Release|Any CPU
		{A297F9BA-2E13-FFEB-937D-052274FDBCCD}.Release|Any CPU.Build.0 = Release|Any CPU
		{48293831-D56A-436F-1C6D-D24129E212A7}.Debug|Any CPU.ActiveCfg = Debug|Any CPU
		{48293831-D56A-436F-1C6D-D24129E212A7}.Debug|Any CPU.Build.0 = Debug|Any CPU
		{48293831-D56A-436F-1C6D-D24129E212A7}.Release|Any CPU.ActiveCfg = Release|Any CPU
		{48293831-D56A-436F-1C6D-D24129E212A7}.Release|Any CPU.Build.0 = Release|Any CPU
		{CAD7F3B0-2383-EC57-AB09-3D914FC40E56}.Debug|Any CPU.ActiveCfg = Debug|Any CPU
		{CAD7F3B0-2383-EC57-AB09-3D914FC40E56}.Debug|Any CPU.Build.0 = Debug|Any CPU
		{CAD7F3B0-2383-EC57-AB09-3D914FC40E56}.Release|Any CPU.ActiveCfg = Release|Any CPU
		{CAD7F3B0-2383-EC57-AB09-3D914FC40E56}.Release|Any CPU.Build.0 = Release|Any CPU
		{400B68C6-D624-5EB4-8368-59A773C231D1}.Debug|Any CPU.ActiveCfg = Debug|Any CPU
		{400B68C6-D624-5EB4-8368-59A773C231D1}.Debug|Any CPU.Build.0 = Debug|Any CPU
		{400B68C6-D624-5EB4-8368-59A773C231D1}.Release|Any CPU.ActiveCfg = Release|Any CPU
		{400B68C6-D624-5EB4-8368-59A773C231D1}.Release|Any CPU.Build.0 = Release|Any CPU
		{83CAFFC4-BB07-4A1D-4DAE-4A3AE98310A7}.Debug|Any CPU.ActiveCfg = Debug|Any CPU
		{83CAFFC4-BB07-4A1D-4DAE-4A3AE98310A7}.Debug|Any CPU.Build.0 = Debug|Any CPU
		{83CAFFC4-BB07-4A1D-4DAE-4A3AE98310A7}.Release|Any CPU.ActiveCfg = Release|Any CPU
		{83CAFFC4-BB07-4A1D-4DAE-4A3AE98310A7}.Release|Any CPU.Build.0 = Release|Any CPU
		{B71F4D6A-CD40-E0EA-AFE7-ED7B1461C2BA}.Debug|Any CPU.ActiveCfg = Debug|Any CPU
		{B71F4D6A-CD40-E0EA-AFE7-ED7B1461C2BA}.Debug|Any CPU.Build.0 = Debug|Any CPU
		{B71F4D6A-CD40-E0EA-AFE7-ED7B1461C2BA}.Release|Any CPU.ActiveCfg = Release|Any CPU
		{B71F4D6A-CD40-E0EA-AFE7-ED7B1461C2BA}.Release|Any CPU.Build.0 = Release|Any CPU
		{EFA53828-8305-A7FE-6C6E-815A26F3B48A}.Debug|Any CPU.ActiveCfg = Debug|Any CPU
		{EFA53828-8305-A7FE-6C6E-815A26F3B48A}.Debug|Any CPU.Build.0 = Debug|Any CPU
		{EFA53828-8305-A7FE-6C6E-815A26F3B48A}.Release|Any CPU.ActiveCfg = Release|Any CPU
		{EFA53828-8305-A7FE-6C6E-815A26F3B48A}.Release|Any CPU.Build.0 = Release|Any CPU
		{DF037F6B-A5FF-ED38-CF42-33F009CCCA02}.Debug|Any CPU.ActiveCfg = Debug|Any CPU
		{DF037F6B-A5FF-ED38-CF42-33F009CCCA02}.Debug|Any CPU.Build.0 = Debug|Any CPU
		{DF037F6B-A5FF-ED38-CF42-33F009CCCA02}.Release|Any CPU.ActiveCfg = Release|Any CPU
		{DF037F6B-A5FF-ED38-CF42-33F009CCCA02}.Release|Any CPU.Build.0 = Release|Any CPU
		{49F0160C-EB3F-FC48-1619-D6D9BDEE11C7}.Debug|Any CPU.ActiveCfg = Debug|Any CPU
		{49F0160C-EB3F-FC48-1619-D6D9BDEE11C7}.Debug|Any CPU.Build.0 = Debug|Any CPU
		{49F0160C-EB3F-FC48-1619-D6D9BDEE11C7}.Release|Any CPU.ActiveCfg = Release|Any CPU
		{49F0160C-EB3F-FC48-1619-D6D9BDEE11C7}.Release|Any CPU.Build.0 = Release|Any CPU
	EndGlobalSection
	GlobalSection(SolutionProperties) = preSolution
		HideSolutionNode = FALSE
	EndGlobalSection
EndGlobal
